// !$*UTF8*$!
{
	archiveVersion = 1;
	classes = {
	};
	objectVersion = 46;
	objects = {

/* Begin PBXFileReference section */
		A2F2B1FC1A5DFA6C00D84466 /* driverStationPrototype.js */ = {isa = PBXFileReference; lastKnownFileType = sourcecode.javascript; path = driverStationPrototype.js; sourceTree = "<group>"; };
		A2F2B1FD1A5DFA7700D84466 /* driverStationPrototype.html */ = {isa = PBXFileReference; lastKnownFileType = text.html; path = driverStationPrototype.html; sourceTree = "<group>"; };
		A2F2B1FE1A5DFA8400D84466 /* testingPage.html */ = {isa = PBXFileReference; lastKnownFileType = text.html; path = testingPage.html; sourceTree = "<group>"; };
		A2F2B1FF1A5DFA8400D84466 /* testingPage.js */ = {isa = PBXFileReference; lastKnownFileType = sourcecode.javascript; path = testingPage.js; sourceTree = "<group>"; };
/* End PBXFileReference section */

/* Begin PBXGroup section */
		A2F2B1EA1A5D713200D84466 = {
			isa = PBXGroup;
			children = (
				A2F2B1FE1A5DFA8400D84466 /* testingPage.html */,
				A2F2B1FF1A5DFA8400D84466 /* testingPage.js */,
				A2F2B1FD1A5DFA7700D84466 /* driverStationPrototype.html */,
				A2F2B1FC1A5DFA6C00D84466 /* driverStationPrototype.js */,
			);
			sourceTree = "<group>";
		};
/* End PBXGroup section */

/* Begin PBXProject section */
		A2F2B1EB1A5D713200D84466 /* Project object */ = {
			isa = PBXProject;
			attributes = {
				LastUpgradeCheck = 0600;
			};
			buildConfigurationList = A2F2B1EE1A5D713200D84466 /* Build configuration list for PBXProject "2015ui" */;
			compatibilityVersion = "Xcode 3.2";
			developmentRegion = English;
			hasScannedForEncodings = 0;
			knownRegions = (
				en,
			);
			mainGroup = A2F2B1EA1A5D713200D84466;
			projectDirPath = "";
			projectRoot = "";
			targets = (
			);
		};
/* End PBXProject section */

/* Begin XCBuildConfiguration section */
		A2F2B1EF1A5D713200D84466 /* Debug */ = {
			isa = XCBuildConfiguration;
			buildSettings = {
			};
			name = Debug;
		};
		A2F2B1F01A5D713200D84466 /* Release */ = {
			isa = XCBuildConfiguration;
			buildSettings = {
			};
			name = Release;
		};
/* End XCBuildConfiguration section */

/* Begin XCConfigurationList section */
		A2F2B1EE1A5D713200D84466 /* Build configuration list for PBXProject "2015ui" */ = {
			isa = XCConfigurationList;
			buildConfigurations = (
				A2F2B1EF1A5D713200D84466 /* Debug */,
				A2F2B1F01A5D713200D84466 /* Release */,
			);
			defaultConfigurationIsVisible = 0;
			defaultConfigurationName = Release;
		};
/* End XCConfigurationList section */
	};
	rootObject = A2F2B1EB1A5D713200D84466 /* Project object */;
}
