// !$*UTF8*$!
{
	archiveVersion = 1;
	classes = {
	};
	objectVersion = 46;
	objects = {

/* Begin PBXFileReference section */
		A2F2B1F51A5DAA4400D84466 /* bootstrap_baisicTemplate.html */ = {isa = PBXFileReference; lastKnownFileType = text.html; path = bootstrap_baisicTemplate.html; sourceTree = "<group>"; };
/* End PBXFileReference section */

/* Begin PBXGroup section */
		A2F2B1EA1A5D713200D84466 = {
			isa = PBXGroup;
			children = (
				A2F2B1F51A5DAA4400D84466 /* bootstrap_baisicTemplate.html */,
			);
			sourceTree = "<group>";
		};
/* End PBXGroup section */

/* Begin PBXProject section */
		A2F2B1EB1A5D713200D84466 /* Project object */ = {
			isa = PBXProject;
			attributes = {
				LastUpgradeCheck = 0600;
			};
			buildConfigurationList = A2F2B1EE1A5D713200D84466 /* Build configuration list for PBXProject "2015ui" */;
			compatibilityVersion = "Xcode 3.2";
			developmentRegion = English;
			hasScannedForEncodings = 0;
			knownRegions = (
				en,
			);
			mainGroup = A2F2B1EA1A5D713200D84466;
			projectDirPath = "";
			projectRoot = "";
			targets = (
			);
		};
/* End PBXProject section */

/* Begin XCBuildConfiguration section */
		A2F2B1EF1A5D713200D84466 /* Debug */ = {
			isa = XCBuildConfiguration;
			buildSettings = {
			};
			name = Debug;
		};
		A2F2B1F01A5D713200D84466 /* Release */ = {
			isa = XCBuildConfiguration;
			buildSettings = {
			};
			name = Release;
		};
/* End XCBuildConfiguration section */

/* Begin XCConfigurationList section */
		A2F2B1EE1A5D713200D84466 /* Build configuration list for PBXProject "2015ui" */ = {
			isa = XCConfigurationList;
			buildConfigurations = (
				A2F2B1EF1A5D713200D84466 /* Debug */,
				A2F2B1F01A5D713200D84466 /* Release */,
			);
			defaultConfigurationIsVisible = 0;
			defaultConfigurationName = Release;
		};
/* End XCConfigurationList section */
	};
	rootObject = A2F2B1EB1A5D713200D84466 /* Project object */;
}
